<?xml version="1.0" encoding="UTF-8" standalone="yes" ?>
<CodeBlocks_project_file>
	<FileVersion major="1" minor="6" />
	<Project>
		<Option title="gen_indices_bin" />
		<Option pch_mode="2" />
		<Option compiler="gcc" />
		<Build>
			<Target title="Debug">
				<Option output="bin/Debug/gen_indices_bin" prefix_auto="0" extension_auto="1" />
				<Option object_output="obj/Debug/" />
				<Option type="1" />
				<Option compiler="gcc" />
				<Option parameters="../datos/indices_icc_general_capitulos.csv ../datos/Indices_items_obra.csv  ../salida/indices-procesados.bin" />
				<Compiler>
					<Add option="-g" />
				</Compiler>
				<Linker>
					<Add library="../librerias/estructura_indice/bin/Debug/estructura_indice.a" />
					<Add library="../librerias/TDA_fecha/bin/Debug/TDA_fecha.a" />
					<Add library="../librerias/secuencias/bin/Debug/secuencias.a" />
					<Add library="../librerias/TDA_vector/bin/Debug/TDA_vector.a" />
				</Linker>
			</Target>
			<Target title="Release">
				<Option output="bin/Release/costo-construccion-consola" prefix_auto="1" extension_auto="1" />
				<Option object_output="obj/Release/" />
				<Option type="1" />
				<Option compiler="gcc" />
				<Compiler>
					<Add option="-O2" />
				</Compiler>
				<Linker>
					<Add option="-s" />
				</Linker>
			</Target>
		</Build>
		<Compiler>
			<Add option="-Wall" />
		</Compiler>
		<Unit filename="main.c">
			<Option compilerVar="CC" />
		</Unit>
		<Extensions>
			<lib_finder disable_auto="1" />
		</Extensions>
	</Project>
</CodeBlocks_project_file>
